{
  "object": {
    "pins": [
      {
        "package": "CodeScanner",
        "repositoryURL": "https://github.com/twostraws/CodeScanner",
        "state": {
          "branch": null,
          "revision": "c27a66149b7483fe42e2ec6aad61d5c3fffe522d",
          "version": "2.1.1"
        }
      },
      {
        "package": "EUDCCKit",
        "repositoryURL": "https://github.com/SvenTiigi/EUDCCKit",
        "state": {
          "branch": null,
          "revision": "864b8262e0babe3080e0fcbf1feb96dded19f9c6",
          "version": "0.0.4"
        }
      },
      {
        "package": "SwiftCBOR",
        "repositoryURL": "https://github.com/unrelentingtech/SwiftCBOR.git",
        "state": {
          "branch": null,
          "revision": "668c26fc3373d5f1bccbaad7665ca6048797e324",
          "version": "0.4.3"
        }
      }
    ]
  },
  "version": 1
}
